
Microsoft Visual Studio Solution File, Format Version 12.00
# Visual Studio Version 16
VisualStudioVersion = 16.0.30804.86
MinimumVisualStudioVersion = 10.0.40219.1
Project("{2150E333-8FDC-42A3-9474-1A3956D46DE8}") = "src", "src", "{40753810-C64C-4030-81A8-3C03BF8F02E4}"
EndProject
Project("{2150E333-8FDC-42A3-9474-1A3956D46DE8}") = "Web.API", "Web.API", "{4F450A0A-5177-4DA8-B9BD-6F81518332E4}"
EndProject
Project("{9A19103F-16F7-4668-BE54-9A1E7A4F7556}") = "MyMusic.API", "MyMusic.API\MyMusic.API.csproj", "{374EB1A5-9B6A-4CE8-B949-C80ECE4984AC}"
EndProject
Project("{9A19103F-16F7-4668-BE54-9A1E7A4F7556}") = "MyMusic.Core", "MyMusic.Core\MyMusic.Core.csproj", "{E432FF41-4A7E-467B-9AD2-32679E371BF8}"
EndProject
Project("{9A19103F-16F7-4668-BE54-9A1E7A4F7556}") = "MyMusic.Services", "MyMusic.Services\MyMusic.Services.csproj", "{4B3DC02F-CF1D-4E83-9F69-77E6C3E9AFAF}"
EndProject
Project("{9A19103F-16F7-4668-BE54-9A1E7A4F7556}") = "MyMusic.Data", "MyMusic.Data\MyMusic.Data.csproj", "{91933F55-C9E5-4E15-B162-1061AB8C0CD9}"
EndProject
Global
	GlobalSection(SolutionConfigurationPlatforms) = preSolution
		Debug|Any CPU = Debug|Any CPU
		Release|Any CPU = Release|Any CPU
	EndGlobalSection
	GlobalSection(ProjectConfigurationPlatforms) = postSolution
		{374EB1A5-9B6A-4CE8-B949-C80ECE4984AC}.Debug|Any CPU.ActiveCfg = Debug|Any CPU
		{374EB1A5-9B6A-4CE8-B949-C80ECE4984AC}.Debug|Any CPU.Build.0 = Debug|Any CPU
		{374EB1A5-9B6A-4CE8-B949-C80ECE4984AC}.Release|Any CPU.ActiveCfg = Release|Any CPU
		{374EB1A5-9B6A-4CE8-B949-C80ECE4984AC}.Release|Any CPU.Build.0 = Release|Any CPU
		{E432FF41-4A7E-467B-9AD2-32679E371BF8}.Debug|Any CPU.ActiveCfg = Debug|Any CPU
		{E432FF41-4A7E-467B-9AD2-32679E371BF8}.Debug|Any CPU.Build.0 = Debug|Any CPU
		{E432FF41-4A7E-467B-9AD2-32679E371BF8}.Release|Any CPU.ActiveCfg = Release|Any CPU
		{E432FF41-4A7E-467B-9AD2-32679E371BF8}.Release|Any CPU.Build.0 = Release|Any CPU
		{4B3DC02F-CF1D-4E83-9F69-77E6C3E9AFAF}.Debug|Any CPU.ActiveCfg = Debug|Any CPU
		{4B3DC02F-CF1D-4E83-9F69-77E6C3E9AFAF}.Debug|Any CPU.Build.0 = Debug|Any CPU
		{4B3DC02F-CF1D-4E83-9F69-77E6C3E9AFAF}.Release|Any CPU.ActiveCfg = Release|Any CPU
		{4B3DC02F-CF1D-4E83-9F69-77E6C3E9AFAF}.Release|Any CPU.Build.0 = Release|Any CPU
		{91933F55-C9E5-4E15-B162-1061AB8C0CD9}.Debug|Any CPU.ActiveCfg = Debug|Any CPU
		{91933F55-C9E5-4E15-B162-1061AB8C0CD9}.Debug|Any CPU.Build.0 = Debug|Any CPU
		{91933F55-C9E5-4E15-B162-1061AB8C0CD9}.Release|Any CPU.ActiveCfg = Release|Any CPU
		{91933F55-C9E5-4E15-B162-1061AB8C0CD9}.Release|Any CPU.Build.0 = Release|Any CPU
	EndGlobalSection
	GlobalSection(SolutionProperties) = preSolution
		HideSolutionNode = FALSE
	EndGlobalSection
	GlobalSection(NestedProjects) = preSolution
		{4F450A0A-5177-4DA8-B9BD-6F81518332E4} = {40753810-C64C-4030-81A8-3C03BF8F02E4}
		{374EB1A5-9B6A-4CE8-B949-C80ECE4984AC} = {4F450A0A-5177-4DA8-B9BD-6F81518332E4}
		{E432FF41-4A7E-467B-9AD2-32679E371BF8} = {4F450A0A-5177-4DA8-B9BD-6F81518332E4}
		{4B3DC02F-CF1D-4E83-9F69-77E6C3E9AFAF} = {4F450A0A-5177-4DA8-B9BD-6F81518332E4}
		{91933F55-C9E5-4E15-B162-1061AB8C0CD9} = {4F450A0A-5177-4DA8-B9BD-6F81518332E4}
	EndGlobalSection
	GlobalSection(ExtensibilityGlobals) = postSolution
		SolutionGuid = {81D5D7D5-7C43-4B33-B1F2-E2A956FCF13E}
	EndGlobalSection
EndGlobal
